
Microsoft Visual Studio Solution File, Format Version 12.00
# Visual Studio Version 17
VisualStudioVersion = 17.5.33516.290
MinimumVisualStudioVersion = 10.0.40219.1
Project("{9A19103F-16F7-4668-BE54-9A1E7A4F7556}") = "FashionBrowser.Domain", "FashionBrowser.Domain\FashionBrowser.Domain.csproj", "{989852D9-6766-4428-9108-BC5A22C6506F}"
EndProject
Project("{9A19103F-16F7-4668-BE54-9A1E7A4F7556}") = "FashionBrowser.Infrastructure", "FashionBrowser.Infrastucture\FashionBrowser.Infrastructure.csproj", "{DD1F6529-149B-4359-A0FF-CC6CD073443C}"
EndProject
Project("{9A19103F-16F7-4668-BE54-9A1E7A4F7556}") = "FashionBrowser.Utilities", "FashionBrowser.Utilities\FashionBrowser.Utilities.csproj", "{D673367C-D381-40FE-9871-5524DD8CEAA9}"
EndProject
Project("{9A19103F-16F7-4668-BE54-9A1E7A4F7556}") = "FashionBrowser.Test", "FashionBrowser.Test\FashionBrowser.Test.csproj", "{C35B8402-5273-4039-B37F-6BDD291E545F}"
EndProject
Project("{FAE04EC0-301F-11D3-BF4B-00C04F79EFBC}") = "Fashion.Browser", "Fashion.Browser\Fashion.Browser.csproj", "{1276D4E0-F25A-4910-B377-61F2EADC2012}"
EndProject
Global
	GlobalSection(SolutionConfigurationPlatforms) = preSolution
		Debug|Any CPU = Debug|Any CPU
		Release|Any CPU = Release|Any CPU
	EndGlobalSection
	GlobalSection(ProjectConfigurationPlatforms) = postSolution
		{989852D9-6766-4428-9108-BC5A22C6506F}.Debug|Any CPU.ActiveCfg = Debug|Any CPU
		{989852D9-6766-4428-9108-BC5A22C6506F}.Debug|Any CPU.Build.0 = Debug|Any CPU
		{989852D9-6766-4428-9108-BC5A22C6506F}.Release|Any CPU.ActiveCfg = Release|Any CPU
		{989852D9-6766-4428-9108-BC5A22C6506F}.Release|Any CPU.Build.0 = Release|Any CPU
		{DD1F6529-149B-4359-A0FF-CC6CD073443C}.Debug|Any CPU.ActiveCfg = Debug|Any CPU
		{DD1F6529-149B-4359-A0FF-CC6CD073443C}.Debug|Any CPU.Build.0 = Debug|Any CPU
		{DD1F6529-149B-4359-A0FF-CC6CD073443C}.Release|Any CPU.ActiveCfg = Release|Any CPU
		{DD1F6529-149B-4359-A0FF-CC6CD073443C}.Release|Any CPU.Build.0 = Release|Any CPU
		{D673367C-D381-40FE-9871-5524DD8CEAA9}.Debug|Any CPU.ActiveCfg = Debug|Any CPU
		{D673367C-D381-40FE-9871-5524DD8CEAA9}.Debug|Any CPU.Build.0 = Debug|Any CPU
		{D673367C-D381-40FE-9871-5524DD8CEAA9}.Release|Any CPU.ActiveCfg = Release|Any CPU
		{D673367C-D381-40FE-9871-5524DD8CEAA9}.Release|Any CPU.Build.0 = Release|Any CPU
		{C35B8402-5273-4039-B37F-6BDD291E545F}.Debug|Any CPU.ActiveCfg = Debug|Any CPU
		{C35B8402-5273-4039-B37F-6BDD291E545F}.Debug|Any CPU.Build.0 = Debug|Any CPU
		{C35B8402-5273-4039-B37F-6BDD291E545F}.Release|Any CPU.ActiveCfg = Release|Any CPU
		{C35B8402-5273-4039-B37F-6BDD291E545F}.Release|Any CPU.Build.0 = Release|Any CPU
		{1276D4E0-F25A-4910-B377-61F2EADC2012}.Debug|Any CPU.ActiveCfg = Debug|Any CPU
		{1276D4E0-F25A-4910-B377-61F2EADC2012}.Debug|Any CPU.Build.0 = Debug|Any CPU
		{1276D4E0-F25A-4910-B377-61F2EADC2012}.Release|Any CPU.ActiveCfg = Release|Any CPU
		{1276D4E0-F25A-4910-B377-61F2EADC2012}.Release|Any CPU.Build.0 = Release|Any CPU
	EndGlobalSection
	GlobalSection(SolutionProperties) = preSolution
		HideSolutionNode = FALSE
	EndGlobalSection
	GlobalSection(ExtensibilityGlobals) = postSolution
		SolutionGuid = {E1CD60F7-3B9D-432C-BDD6-DEC0E1F46D27}
	EndGlobalSection
EndGlobal
